
Microsoft Visual Studio Solution File, Format Version 12.00
# Visual Studio Version 16
VisualStudioVersion = 16.0.31105.61
MinimumVisualStudioVersion = 10.0.40219.1
Project("{FAE04EC0-301F-11D3-BF4B-00C04F79EFBC}") = "220904_StefhannyaForeroG", "220904_StefhannyaForeroG\220904_StefhannyaForeroG.csproj", "{B10586F5-6F8A-4EE8-8350-5D49C16F99A6}"
EndProject
Global
	GlobalSection(SolutionConfigurationPlatforms) = preSolution
		Debug|Any CPU = Debug|Any CPU
		Release|Any CPU = Release|Any CPU
	EndGlobalSection
	GlobalSection(ProjectConfigurationPlatforms) = postSolution
		{B10586F5-6F8A-4EE8-8350-5D49C16F99A6}.Debug|Any CPU.ActiveCfg = Debug|Any CPU
		{B10586F5-6F8A-4EE8-8350-5D49C16F99A6}.Debug|Any CPU.Build.0 = Debug|Any CPU
		{B10586F5-6F8A-4EE8-8350-5D49C16F99A6}.Release|Any CPU.ActiveCfg = Release|Any CPU
		{B10586F5-6F8A-4EE8-8350-5D49C16F99A6}.Release|Any CPU.Build.0 = Release|Any CPU
	EndGlobalSection
	GlobalSection(SolutionProperties) = preSolution
		HideSolutionNode = FALSE
	EndGlobalSection
	GlobalSection(ExtensibilityGlobals) = postSolution
		SolutionGuid = {8653C3A6-394B-4845-8611-618E26D2EE58}
	EndGlobalSection
EndGlobal
